
Microsoft Visual Studio Solution File, Format Version 12.00
# Visual Studio 15
VisualStudioVersion = 15.0.28010.2046
MinimumVisualStudioVersion = 10.0.40219.1
Project("{FAE04EC0-301F-11D3-BF4B-00C04F79EFBC}") = "TrashCollector1", "TrashCollector1\TrashCollector1.csproj", "{1770848F-3721-4B04-9653-36643E131E62}"
EndProject
Global
	GlobalSection(SolutionConfigurationPlatforms) = preSolution
		Debug|Any CPU = Debug|Any CPU
		Release|Any CPU = Release|Any CPU
	EndGlobalSection
	GlobalSection(ProjectConfigurationPlatforms) = postSolution
		{1770848F-3721-4B04-9653-36643E131E62}.Debug|Any CPU.ActiveCfg = Debug|Any CPU
		{1770848F-3721-4B04-9653-36643E131E62}.Debug|Any CPU.Build.0 = Debug|Any CPU
		{1770848F-3721-4B04-9653-36643E131E62}.Release|Any CPU.ActiveCfg = Release|Any CPU
		{1770848F-3721-4B04-9653-36643E131E62}.Release|Any CPU.Build.0 = Release|Any CPU
	EndGlobalSection
	GlobalSection(SolutionProperties) = preSolution
		HideSolutionNode = FALSE
	EndGlobalSection
	GlobalSection(ExtensibilityGlobals) = postSolution
		SolutionGuid = {06162792-A166-4441-A1DB-A272373F8CC8}
	EndGlobalSection
EndGlobal
